Microsoft Visual Studio Solution File, Format Version 12.00
# Visual Studio Version 17
VisualStudioVersion = 17.8.34309.116
MinimumVisualStudioVersion = 10.0.40219.1
Project("{9A19103F-16F7-4668-BE54-9A1E7A4F7556}") = "Maple.MonoGameAssistant.Core", "Maple.MonoGameAssistant.Core\Maple.MonoGameAssistant.Core.csproj", "{B231AF90-D433-4573-BA67-263305536B1E}"
EndProject
Project("{9A19103F-16F7-4668-BE54-9A1E7A4F7556}") = "Maple.MonoGameAssistant.Logger", "Maple.MonoGameAssistant.Logger\Maple.MonoGameAssistant.Logger.csproj", "{0CE3C41B-B4A2-4EC3-AD1B-12CE2500DBB6}"
EndProject
Project("{9A19103F-16F7-4668-BE54-9A1E7A4F7556}") = "Maple.MonoGameAssistant.Common", "Maple.MonoGameAssistant.Common\Maple.MonoGameAssistant.Common.csproj", "{FBC12D97-0D32-4BA6-9AE4-896D06348EB7}"
EndProject
Project("{9A19103F-16F7-4668-BE54-9A1E7A4F7556}") = "Maple.MonoGameAssistant.WebApi", "Maple.MonoGameAssistant.WebApi\Maple.MonoGameAssistant.WebApi.csproj", "{B7D79440-4226-469C-BF15-D7482E4348BC}"
EndProject
Project("{9A19103F-16F7-4668-BE54-9A1E7A4F7556}") = "Maple.MonoGameAssistant.Model", "Maple.MonoGameAssistant.Model\Maple.MonoGameAssistant.Model.csproj", "{0845670D-4618-4B00-8E07-577131C05F30}"
EndProject
Project("{9A19103F-16F7-4668-BE54-9A1E7A4F7556}") = "Maple.MonoGameAssistant.MonoCollector", "Maple.MonoGameAssistant.MonoCollector\Maple.MonoGameAssistant.MonoCollector.csproj", "{EAED4552-DADC-47D6-A3CE-41B408C0E429}"
EndProject
Project("{2150E333-8FDC-42A3-9474-1A3956D46DE8}") = "Generator", "Generator", "{77B69103-0770-4D34-B5DC-55C895B98738}"
EndProject
Project("{9A19103F-16F7-4668-BE54-9A1E7A4F7556}") = "Maple.MonoGameAssistant.MonoCollectorGeneratorV2", "Maple.MonoGameAssistant.MonoCollectorGeneratorV2\Maple.MonoGameAssistant.MonoCollectorGeneratorV2.csproj", "{B5AC9D94-C9F2-4E74-94C1-D5EE1C59306C}"
EndProject
Project("{9A19103F-16F7-4668-BE54-9A1E7A4F7556}") = "Maple.MonoGameAssistant.MonoCollectorDataV2", "Maple.MonoGameAssistant.MonoCollectorDataV2\Maple.MonoGameAssistant.MonoCollectorDataV2.csproj", "{3F0BF6E0-E72A-43FA-87B7-CDBC78BB81BD}"
EndProject
Project("{2150E333-8FDC-42A3-9474-1A3956D46DE8}") = "UI", "UI", "{33EB264B-96FF-4691-8D97-21605A47C22D}"
EndProject
Project("{2150E333-8FDC-42A3-9474-1A3956D46DE8}") = "MonoCore", "MonoCore", "{182DAC1C-C7C8-45BF-84CB-660D2464E0BC}"
EndProject
Project("{2150E333-8FDC-42A3-9474-1A3956D46DE8}") = "Common", "Common", "{7BDD682A-AA14-4FF2-9046-1D5568672800}"
EndProject
Project("{2150E333-8FDC-42A3-9474-1A3956D46DE8}") = "DllHijackGenerator", "DllHijackGenerator", "{F2B98486-2162-4C5A-91A9-B41DEEDCA74C}"
EndProject
Project("{9A19103F-16F7-4668-BE54-9A1E7A4F7556}") = "Maple.MonoGameAssistant.DllHijackData", "Maple.MonoGameAssistant.DllHijackData\Maple.MonoGameAssistant.DllHijackData.csproj", "{AE95587E-B386-477A-B3FD-89A093AA88BD}"
EndProject
Project("{9A19103F-16F7-4668-BE54-9A1E7A4F7556}") = "Maple.MonoGameAssistant.DllHijackGenerator", "Maple.MonoGameAssistant.DllHijackGenerator\Maple.MonoGameAssistant.DllHijackGenerator.csproj", "{34557CE7-2C54-4B34-AC8C-FCED6A046BD8}"
EndProject
Project("{9A19103F-16F7-4668-BE54-9A1E7A4F7556}") = "Maple.MonoGameAssistant.HotKey", "Maple.MonoGameAssistant.HotKey\Maple.MonoGameAssistant.HotKey.csproj", "{8F232748-943C-4A20-B4E2-3AA64162BFAB}"
EndProject
Project("{2150E333-8FDC-42A3-9474-1A3956D46DE8}") = "MonoDataUI", "MonoDataUI", "{0429103F-7526-4A2B-84B6-A393E74C2FB7}"
EndProject
Project("{9A19103F-16F7-4668-BE54-9A1E7A4F7556}") = "Maple.MonoGameAssistant.DllExportTmp", "Maple.MonoGameAssistant.DllExportTmp\Maple.MonoGameAssistant.DllExportTmp.csproj", "{DF0BEDBB-E9F8-43B6-A863-F49576613B76}"
EndProject
Project("{9A19103F-16F7-4668-BE54-9A1E7A4F7556}") = "Maple.MonoGameAssistant.UnityCore", "Maple.MonoGameAssistant.UnityCore\Maple.MonoGameAssistant.UnityCore.csproj", "{42D1EDDC-2766-4F81-B161-97975174C5F1}"
EndProject
Project("{2150E333-8FDC-42A3-9474-1A3956D46DE8}") = "GameUI", "GameUI", "{00A7AAC0-87D8-4352-89F8-AECE8EDF294D}"
EndProject
Project("{9A19103F-16F7-4668-BE54-9A1E7A4F7556}") = "Maple.MonoGameAssistant.GameDTO", "Maple.MonoGameAssistant.GameDTO\Maple.MonoGameAssistant.GameDTO.csproj", "{3861022B-3356-4762-9560-4FD13FFD5578}"
EndProject
Project("{9A19103F-16F7-4668-BE54-9A1E7A4F7556}") = "Maple.MonoGameAssistant.GameCore", "Maple.MonoGameAssistant.GameCore\Maple.MonoGameAssistant.GameCore.csproj", "{2A197C6C-13DD-42C6-B391-ECB39ABD42A6}"
EndProject
Project("{9A19103F-16F7-4668-BE54-9A1E7A4F7556}") = "Maple.MonoGameAssistant.GameShared", "Maple.MonoGameAssistant.GameShared\Maple.MonoGameAssistant.GameShared.csproj", "{29F4412C-B7EC-42DF-8B62-1171AB05D004}"
EndProject
Project("{9A19103F-16F7-4668-BE54-9A1E7A4F7556}") = "Maple.MonoGameAssistant.GameSSR", "Maple.MonoGameAssistant.GameSSR\Maple.MonoGameAssistant.GameSSR.csproj", "{43C551C9-BD8E-49E5-B185-5E5E50F05355}"
EndProject
Project("{9A19103F-16F7-4668-BE54-9A1E7A4F7556}") = "Maple.MonoGameAssistant.GameWASM", "Maple.MonoGameAssistant.GameWASM\Maple.MonoGameAssistant.GameWASM.csproj", "{020A0FA8-26B1-44B8-9058-549049FDEE16}"
EndProject
Project("{9A19103F-16F7-4668-BE54-9A1E7A4F7556}") = "Maple.MonoGameAssistant.UILogic", "Maple.MonoGameAssistant.UILogic\Maple.MonoGameAssistant.UILogic.csproj", "{68420E49-E2ED-4218-8616-AD48CE8C7F67}"
EndProject
Project("{9A19103F-16F7-4668-BE54-9A1E7A4F7556}") = "Maple.MonoGameAssistant.WinForm", "Maple.MonoGameAssistant.WinForm\Maple.MonoGameAssistant.WinForm.csproj", "{25E60BB6-B338-499C-98E6-A4CBBA2D72CD}"
EndProject
Project("{9A19103F-16F7-4668-BE54-9A1E7A4F7556}") = "Maple.GameContext", "Maple.GameContext\Maple.GameContext.csproj", "{8558F6C5-1535-415E-B4FE-C044AA29DFE8}"
EndProject
Project("{2150E333-8FDC-42A3-9474-1A3956D46DE8}") = "GameWebAPI", "GameWebAPI", "{8286EB1D-3DCD-4E61-B13B-E400CBB83BD1}"
EndProject
Project("{FAE04EC0-301F-11D3-BF4B-00C04F79EFBC}") = "Maple.MonoGameAssistant.MonoDataCollector", "Maple.MonoGameAssistant.MonoDataCollector\Maple.MonoGameAssistant.MonoDataCollector.csproj", "{8ECAD503-71BB-4ED4-B044-2442A6D95E1E}"
EndProject
Project("{2150E333-8FDC-42A3-9474-1A3956D46DE8}") = "Windows", "Windows", "{4CA229EE-313B-4246-B8AF-676662ED7374}"
EndProject
Project("{FAE04EC0-301F-11D3-BF4B-00C04F79EFBC}") = "Maple.MonoGameAssistant.WinApi", "Maple.MonoGameAssistant.WinApi\Maple.MonoGameAssistant.WinApi.csproj", "{7953FAFA-F2D4-4B8E-BD2D-872D2CC759EA}"
EndProject
Project("{FAE04EC0-301F-11D3-BF4B-00C04F79EFBC}") = "Maple.MonoGameAssistant.HotKey.Abstractions", "Maple.MonoGameAssistant.HotKey.Abstractions\Maple.MonoGameAssistant.HotKey.Abstractions.csproj", "{BD985BD5-A672-43D1-A4FD-BDDD9D587777}"
EndProject
Project("{FAE04EC0-301F-11D3-BF4B-00C04F79EFBC}") = "Maple.MonoGameAssistant.MonoTask", "Maple.MonoGameAssistant.MonoTask\Maple.MonoGameAssistant.MonoTask.csproj", "{C50121AF-66B0-4382-AE2B-26D9898AD628}"
EndProject
Project("{FAE04EC0-301F-11D3-BF4B-00C04F79EFBC}") = "Maple.MonoGameAssistant.UITask", "Maple.MonoGameAssistant.UITask\Maple.MonoGameAssistant.UITask.csproj", "{22096AEC-8DBE-46C1-BFCC-D7F12899F957}"
EndProject
Project("{FAE04EC0-301F-11D3-BF4B-00C04F79EFBC}") = "Maple.MonoGameAssistant.HookTask", "Maple.MonoGameAssistant.HookTask\Maple.MonoGameAssistant.HookTask.csproj", "{294B9670-70B7-4B4B-8F51-58F615367D7E}"
EndProject
Project("{FAE04EC0-301F-11D3-BF4B-00C04F79EFBC}") = "Maple.MonoGameAssistant.TaskSchedulerCore", "Maple.MonoGameAssistant.TaskSchedulerCore\Maple.MonoGameAssistant.TaskSchedulerCore.csproj", "{B053AE8C-59E6-4888-B324-763887CD69E1}"
EndProject
Project("{FAE04EC0-301F-11D3-BF4B-00C04F79EFBC}") = "Maple.MonoGameAssistant.MonoCollectorApi", "Maple.MonoGameAssistant.MonoCollectorApi\Maple.MonoGameAssistant.MonoCollectorApi.csproj", "{937BF016-315C-4531-803F-944523F88628}"
EndProject
Global
	GlobalSection(SolutionConfigurationPlatforms) = preSolution
		Debug|Any CPU = Debug|Any CPU
		Local|Any CPU = Local|Any CPU
		Release|Any CPU = Release|Any CPU
	EndGlobalSection
	GlobalSection(ProjectConfigurationPlatforms) = postSolution
		{B231AF90-D433-4573-BA67-263305536B1E}.Debug|Any CPU.ActiveCfg = Debug|Any CPU
		{B231AF90-D433-4573-BA67-263305536B1E}.Debug|Any CPU.Build.0 = Debug|Any CPU
		{B231AF90-D433-4573-BA67-263305536B1E}.Local|Any CPU.ActiveCfg = Local|Any CPU
		{B231AF90-D433-4573-BA67-263305536B1E}.Local|Any CPU.Build.0 = Local|Any CPU
		{B231AF90-D433-4573-BA67-263305536B1E}.Release|Any CPU.ActiveCfg = Release|Any CPU
		{B231AF90-D433-4573-BA67-263305536B1E}.Release|Any CPU.Build.0 = Release|Any CPU
		{0CE3C41B-B4A2-4EC3-AD1B-12CE2500DBB6}.Debug|Any CPU.ActiveCfg = Debug|Any CPU
		{0CE3C41B-B4A2-4EC3-AD1B-12CE2500DBB6}.Debug|Any CPU.Build.0 = Debug|Any CPU
		{0CE3C41B-B4A2-4EC3-AD1B-12CE2500DBB6}.Local|Any CPU.ActiveCfg = Local|Any CPU
		{0CE3C41B-B4A2-4EC3-AD1B-12CE2500DBB6}.Local|Any CPU.Build.0 = Local|Any CPU
		{0CE3C41B-B4A2-4EC3-AD1B-12CE2500DBB6}.Release|Any CPU.ActiveCfg = Release|Any CPU
		{0CE3C41B-B4A2-4EC3-AD1B-12CE2500DBB6}.Release|Any CPU.Build.0 = Release|Any CPU
		{FBC12D97-0D32-4BA6-9AE4-896D06348EB7}.Debug|Any CPU.ActiveCfg = Debug|Any CPU
		{FBC12D97-0D32-4BA6-9AE4-896D06348EB7}.Debug|Any CPU.Build.0 = Debug|Any CPU
		{FBC12D97-0D32-4BA6-9AE4-896D06348EB7}.Local|Any CPU.ActiveCfg = Local|Any CPU
		{FBC12D97-0D32-4BA6-9AE4-896D06348EB7}.Local|Any CPU.Build.0 = Local|Any CPU
		{FBC12D97-0D32-4BA6-9AE4-896D06348EB7}.Release|Any CPU.ActiveCfg = Release|Any CPU
		{FBC12D97-0D32-4BA6-9AE4-896D06348EB7}.Release|Any CPU.Build.0 = Release|Any CPU
		{B7D79440-4226-469C-BF15-D7482E4348BC}.Debug|Any CPU.ActiveCfg = Debug|Any CPU
		{B7D79440-4226-469C-BF15-D7482E4348BC}.Debug|Any CPU.Build.0 = Debug|Any CPU
		{B7D79440-4226-469C-BF15-D7482E4348BC}.Local|Any CPU.ActiveCfg = Local|Any CPU
		{B7D79440-4226-469C-BF15-D7482E4348BC}.Local|Any CPU.Build.0 = Local|Any CPU
		{B7D79440-4226-469C-BF15-D7482E4348BC}.Release|Any CPU.ActiveCfg = Release|Any CPU
		{B7D79440-4226-469C-BF15-D7482E4348BC}.Release|Any CPU.Build.0 = Release|Any CPU
		{0845670D-4618-4B00-8E07-577131C05F30}.Debug|Any CPU.ActiveCfg = Debug|Any CPU
		{0845670D-4618-4B00-8E07-577131C05F30}.Debug|Any CPU.Build.0 = Debug|Any CPU
		{0845670D-4618-4B00-8E07-577131C05F30}.Local|Any CPU.ActiveCfg = Local|Any CPU
		{0845670D-4618-4B00-8E07-577131C05F30}.Local|Any CPU.Build.0 = Local|Any CPU
		{0845670D-4618-4B00-8E07-577131C05F30}.Release|Any CPU.ActiveCfg = Release|Any CPU
		{0845670D-4618-4B00-8E07-577131C05F30}.Release|Any CPU.Build.0 = Release|Any CPU
		{EAED4552-DADC-47D6-A3CE-41B408C0E429}.Debug|Any CPU.ActiveCfg = Debug|Any CPU
		{EAED4552-DADC-47D6-A3CE-41B408C0E429}.Debug|Any CPU.Build.0 = Debug|Any CPU
		{EAED4552-DADC-47D6-A3CE-41B408C0E429}.Local|Any CPU.ActiveCfg = Local|Any CPU
		{EAED4552-DADC-47D6-A3CE-41B408C0E429}.Local|Any CPU.Build.0 = Local|Any CPU
		{EAED4552-DADC-47D6-A3CE-41B408C0E429}.Release|Any CPU.ActiveCfg = Release|Any CPU
		{EAED4552-DADC-47D6-A3CE-41B408C0E429}.Release|Any CPU.Build.0 = Release|Any CPU
		{B5AC9D94-C9F2-4E74-94C1-D5EE1C59306C}.Debug|Any CPU.ActiveCfg = Debug|Any CPU
		{B5AC9D94-C9F2-4E74-94C1-D5EE1C59306C}.Debug|Any CPU.Build.0 = Debug|Any CPU
		{B5AC9D94-C9F2-4E74-94C1-D5EE1C59306C}.Local|Any CPU.ActiveCfg = Local|Any CPU
		{B5AC9D94-C9F2-4E74-94C1-D5EE1C59306C}.Local|Any CPU.Build.0 = Local|Any CPU
		{B5AC9D94-C9F2-4E74-94C1-D5EE1C59306C}.Release|Any CPU.ActiveCfg = Release|Any CPU
		{B5AC9D94-C9F2-4E74-94C1-D5EE1C59306C}.Release|Any CPU.Build.0 = Release|Any CPU
		{3F0BF6E0-E72A-43FA-87B7-CDBC78BB81BD}.Debug|Any CPU.ActiveCfg = Debug|Any CPU
		{3F0BF6E0-E72A-43FA-87B7-CDBC78BB81BD}.Debug|Any CPU.Build.0 = Debug|Any CPU
		{3F0BF6E0-E72A-43FA-87B7-CDBC78BB81BD}.Local|Any CPU.ActiveCfg = Local|Any CPU
		{3F0BF6E0-E72A-43FA-87B7-CDBC78BB81BD}.Local|Any CPU.Build.0 = Local|Any CPU
		{3F0BF6E0-E72A-43FA-87B7-CDBC78BB81BD}.Release|Any CPU.ActiveCfg = Release|Any CPU
		{3F0BF6E0-E72A-43FA-87B7-CDBC78BB81BD}.Release|Any CPU.Build.0 = Release|Any CPU
		{AE95587E-B386-477A-B3FD-89A093AA88BD}.Debug|Any CPU.ActiveCfg = Debug|Any CPU
		{AE95587E-B386-477A-B3FD-89A093AA88BD}.Debug|Any CPU.Build.0 = Debug|Any CPU
		{AE95587E-B386-477A-B3FD-89A093AA88BD}.Local|Any CPU.ActiveCfg = Local|Any CPU
		{AE95587E-B386-477A-B3FD-89A093AA88BD}.Local|Any CPU.Build.0 = Local|Any CPU
		{AE95587E-B386-477A-B3FD-89A093AA88BD}.Release|Any CPU.ActiveCfg = Release|Any CPU
		{AE95587E-B386-477A-B3FD-89A093AA88BD}.Release|Any CPU.Build.0 = Release|Any CPU
		{34557CE7-2C54-4B34-AC8C-FCED6A046BD8}.Debug|Any CPU.ActiveCfg = Debug|Any CPU
		{34557CE7-2C54-4B34-AC8C-FCED6A046BD8}.Debug|Any CPU.Build.0 = Debug|Any CPU
		{34557CE7-2C54-4B34-AC8C-FCED6A046BD8}.Local|Any CPU.ActiveCfg = Local|Any CPU
		{34557CE7-2C54-4B34-AC8C-FCED6A046BD8}.Local|Any CPU.Build.0 = Local|Any CPU
		{34557CE7-2C54-4B34-AC8C-FCED6A046BD8}.Release|Any CPU.ActiveCfg = Release|Any CPU
		{34557CE7-2C54-4B34-AC8C-FCED6A046BD8}.Release|Any CPU.Build.0 = Release|Any CPU
		{8F232748-943C-4A20-B4E2-3AA64162BFAB}.Debug|Any CPU.ActiveCfg = Debug|Any CPU
		{8F232748-943C-4A20-B4E2-3AA64162BFAB}.Debug|Any CPU.Build.0 = Debug|Any CPU
		{8F232748-943C-4A20-B4E2-3AA64162BFAB}.Local|Any CPU.ActiveCfg = Local|Any CPU
		{8F232748-943C-4A20-B4E2-3AA64162BFAB}.Local|Any CPU.Build.0 = Local|Any CPU
		{8F232748-943C-4A20-B4E2-3AA64162BFAB}.Release|Any CPU.ActiveCfg = Release|Any CPU
		{8F232748-943C-4A20-B4E2-3AA64162BFAB}.Release|Any CPU.Build.0 = Release|Any CPU
		{DF0BEDBB-E9F8-43B6-A863-F49576613B76}.Debug|Any CPU.ActiveCfg = Debug|Any CPU
		{DF0BEDBB-E9F8-43B6-A863-F49576613B76}.Debug|Any CPU.Build.0 = Debug|Any CPU
		{DF0BEDBB-E9F8-43B6-A863-F49576613B76}.Local|Any CPU.ActiveCfg = Local|Any CPU
		{DF0BEDBB-E9F8-43B6-A863-F49576613B76}.Local|Any CPU.Build.0 = Local|Any CPU
		{DF0BEDBB-E9F8-43B6-A863-F49576613B76}.Release|Any CPU.ActiveCfg = Release|Any CPU
		{DF0BEDBB-E9F8-43B6-A863-F49576613B76}.Release|Any CPU.Build.0 = Release|Any CPU
		{42D1EDDC-2766-4F81-B161-97975174C5F1}.Debug|Any CPU.ActiveCfg = Debug|Any CPU
		{42D1EDDC-2766-4F81-B161-97975174C5F1}.Debug|Any CPU.Build.0 = Debug|Any CPU
		{42D1EDDC-2766-4F81-B161-97975174C5F1}.Local|Any CPU.ActiveCfg = Local|Any CPU
		{42D1EDDC-2766-4F81-B161-97975174C5F1}.Local|Any CPU.Build.0 = Local|Any CPU
		{42D1EDDC-2766-4F81-B161-97975174C5F1}.Release|Any CPU.ActiveCfg = Release|Any CPU
		{42D1EDDC-2766-4F81-B161-97975174C5F1}.Release|Any CPU.Build.0 = Release|Any CPU
		{3861022B-3356-4762-9560-4FD13FFD5578}.Debug|Any CPU.ActiveCfg = Debug|Any CPU
		{3861022B-3356-4762-9560-4FD13FFD5578}.Debug|Any CPU.Build.0 = Debug|Any CPU
		{3861022B-3356-4762-9560-4FD13FFD5578}.Local|Any CPU.ActiveCfg = Local|Any CPU
		{3861022B-3356-4762-9560-4FD13FFD5578}.Local|Any CPU.Build.0 = Local|Any CPU
		{3861022B-3356-4762-9560-4FD13FFD5578}.Release|Any CPU.ActiveCfg = Release|Any CPU
		{3861022B-3356-4762-9560-4FD13FFD5578}.Release|Any CPU.Build.0 = Release|Any CPU
		{2A197C6C-13DD-42C6-B391-ECB39ABD42A6}.Debug|Any CPU.ActiveCfg = Debug|Any CPU
		{2A197C6C-13DD-42C6-B391-ECB39ABD42A6}.Debug|Any CPU.Build.0 = Debug|Any CPU
		{2A197C6C-13DD-42C6-B391-ECB39ABD42A6}.Local|Any CPU.ActiveCfg = Local|Any CPU
		{2A197C6C-13DD-42C6-B391-ECB39ABD42A6}.Local|Any CPU.Build.0 = Local|Any CPU
		{2A197C6C-13DD-42C6-B391-ECB39ABD42A6}.Release|Any CPU.ActiveCfg = Release|Any CPU
		{2A197C6C-13DD-42C6-B391-ECB39ABD42A6}.Release|Any CPU.Build.0 = Release|Any CPU
		{29F4412C-B7EC-42DF-8B62-1171AB05D004}.Debug|Any CPU.ActiveCfg = Debug|Any CPU
		{29F4412C-B7EC-42DF-8B62-1171AB05D004}.Debug|Any CPU.Build.0 = Debug|Any CPU
		{29F4412C-B7EC-42DF-8B62-1171AB05D004}.Local|Any CPU.ActiveCfg = Debug|Any CPU
		{29F4412C-B7EC-42DF-8B62-1171AB05D004}.Local|Any CPU.Build.0 = Debug|Any CPU
		{29F4412C-B7EC-42DF-8B62-1171AB05D004}.Release|Any CPU.ActiveCfg = Release|Any CPU
		{29F4412C-B7EC-42DF-8B62-1171AB05D004}.Release|Any CPU.Build.0 = Release|Any CPU
		{43C551C9-BD8E-49E5-B185-5E5E50F05355}.Debug|Any CPU.ActiveCfg = Debug|Any CPU
		{43C551C9-BD8E-49E5-B185-5E5E50F05355}.Debug|Any CPU.Build.0 = Debug|Any CPU
		{43C551C9-BD8E-49E5-B185-5E5E50F05355}.Local|Any CPU.ActiveCfg = Debug|Any CPU
		{43C551C9-BD8E-49E5-B185-5E5E50F05355}.Local|Any CPU.Build.0 = Debug|Any CPU
		{43C551C9-BD8E-49E5-B185-5E5E50F05355}.Release|Any CPU.ActiveCfg = Release|Any CPU
		{43C551C9-BD8E-49E5-B185-5E5E50F05355}.Release|Any CPU.Build.0 = Release|Any CPU
		{020A0FA8-26B1-44B8-9058-549049FDEE16}.Debug|Any CPU.ActiveCfg = Debug|Any CPU
		{020A0FA8-26B1-44B8-9058-549049FDEE16}.Debug|Any CPU.Build.0 = Debug|Any CPU
		{020A0FA8-26B1-44B8-9058-549049FDEE16}.Local|Any CPU.ActiveCfg = Debug|Any CPU
		{020A0FA8-26B1-44B8-9058-549049FDEE16}.Local|Any CPU.Build.0 = Debug|Any CPU
		{020A0FA8-26B1-44B8-9058-549049FDEE16}.Release|Any CPU.ActiveCfg = Release|Any CPU
		{020A0FA8-26B1-44B8-9058-549049FDEE16}.Release|Any CPU.Build.0 = Release|Any CPU
		{68420E49-E2ED-4218-8616-AD48CE8C7F67}.Debug|Any CPU.ActiveCfg = Debug|Any CPU
		{68420E49-E2ED-4218-8616-AD48CE8C7F67}.Debug|Any CPU.Build.0 = Debug|Any CPU
		{68420E49-E2ED-4218-8616-AD48CE8C7F67}.Local|Any CPU.ActiveCfg = Local|Any CPU
		{68420E49-E2ED-4218-8616-AD48CE8C7F67}.Local|Any CPU.Build.0 = Local|Any CPU
		{68420E49-E2ED-4218-8616-AD48CE8C7F67}.Release|Any CPU.ActiveCfg = Release|Any CPU
		{68420E49-E2ED-4218-8616-AD48CE8C7F67}.Release|Any CPU.Build.0 = Release|Any CPU
		{25E60BB6-B338-499C-98E6-A4CBBA2D72CD}.Debug|Any CPU.ActiveCfg = Debug|Any CPU
		{25E60BB6-B338-499C-98E6-A4CBBA2D72CD}.Debug|Any CPU.Build.0 = Debug|Any CPU
		{25E60BB6-B338-499C-98E6-A4CBBA2D72CD}.Local|Any CPU.ActiveCfg = Local|Any CPU
		{25E60BB6-B338-499C-98E6-A4CBBA2D72CD}.Local|Any CPU.Build.0 = Local|Any CPU
		{25E60BB6-B338-499C-98E6-A4CBBA2D72CD}.Release|Any CPU.ActiveCfg = Release|Any CPU
		{25E60BB6-B338-499C-98E6-A4CBBA2D72CD}.Release|Any CPU.Build.0 = Release|Any CPU
		{8558F6C5-1535-415E-B4FE-C044AA29DFE8}.Debug|Any CPU.ActiveCfg = Debug|Any CPU
		{8558F6C5-1535-415E-B4FE-C044AA29DFE8}.Debug|Any CPU.Build.0 = Debug|Any CPU
		{8558F6C5-1535-415E-B4FE-C044AA29DFE8}.Local|Any CPU.ActiveCfg = Debug|Any CPU
		{8558F6C5-1535-415E-B4FE-C044AA29DFE8}.Local|Any CPU.Build.0 = Debug|Any CPU
		{8558F6C5-1535-415E-B4FE-C044AA29DFE8}.Release|Any CPU.ActiveCfg = Release|Any CPU
		{8558F6C5-1535-415E-B4FE-C044AA29DFE8}.Release|Any CPU.Build.0 = Release|Any CPU
		{8ECAD503-71BB-4ED4-B044-2442A6D95E1E}.Debug|Any CPU.ActiveCfg = Debug|Any CPU
		{8ECAD503-71BB-4ED4-B044-2442A6D95E1E}.Debug|Any CPU.Build.0 = Debug|Any CPU
		{8ECAD503-71BB-4ED4-B044-2442A6D95E1E}.Local|Any CPU.ActiveCfg = Debug|Any CPU
		{8ECAD503-71BB-4ED4-B044-2442A6D95E1E}.Local|Any CPU.Build.0 = Debug|Any CPU
		{8ECAD503-71BB-4ED4-B044-2442A6D95E1E}.Release|Any CPU.ActiveCfg = Release|Any CPU
		{8ECAD503-71BB-4ED4-B044-2442A6D95E1E}.Release|Any CPU.Build.0 = Release|Any CPU
		{7953FAFA-F2D4-4B8E-BD2D-872D2CC759EA}.Debug|Any CPU.ActiveCfg = Debug|Any CPU
		{7953FAFA-F2D4-4B8E-BD2D-872D2CC759EA}.Debug|Any CPU.Build.0 = Debug|Any CPU
		{7953FAFA-F2D4-4B8E-BD2D-872D2CC759EA}.Local|Any CPU.ActiveCfg = Debug|Any CPU
		{7953FAFA-F2D4-4B8E-BD2D-872D2CC759EA}.Local|Any CPU.Build.0 = Debug|Any CPU
		{7953FAFA-F2D4-4B8E-BD2D-872D2CC759EA}.Release|Any CPU.ActiveCfg = Release|Any CPU
		{7953FAFA-F2D4-4B8E-BD2D-872D2CC759EA}.Release|Any CPU.Build.0 = Release|Any CPU
		{BD985BD5-A672-43D1-A4FD-BDDD9D587777}.Debug|Any CPU.ActiveCfg = Debug|Any CPU
		{BD985BD5-A672-43D1-A4FD-BDDD9D587777}.Debug|Any CPU.Build.0 = Debug|Any CPU
		{BD985BD5-A672-43D1-A4FD-BDDD9D587777}.Local|Any CPU.ActiveCfg = Debug|Any CPU
		{BD985BD5-A672-43D1-A4FD-BDDD9D587777}.Local|Any CPU.Build.0 = Debug|Any CPU
		{BD985BD5-A672-43D1-A4FD-BDDD9D587777}.Release|Any CPU.ActiveCfg = Release|Any CPU
		{BD985BD5-A672-43D1-A4FD-BDDD9D587777}.Release|Any CPU.Build.0 = Release|Any CPU
		{C50121AF-66B0-4382-AE2B-26D9898AD628}.Debug|Any CPU.ActiveCfg = Debug|Any CPU
		{C50121AF-66B0-4382-AE2B-26D9898AD628}.Debug|Any CPU.Build.0 = Debug|Any CPU
		{C50121AF-66B0-4382-AE2B-26D9898AD628}.Local|Any CPU.ActiveCfg = Debug|Any CPU
		{C50121AF-66B0-4382-AE2B-26D9898AD628}.Local|Any CPU.Build.0 = Debug|Any CPU
		{C50121AF-66B0-4382-AE2B-26D9898AD628}.Release|Any CPU.ActiveCfg = Release|Any CPU
		{C50121AF-66B0-4382-AE2B-26D9898AD628}.Release|Any CPU.Build.0 = Release|Any CPU
		{22096AEC-8DBE-46C1-BFCC-D7F12899F957}.Debug|Any CPU.ActiveCfg = Debug|Any CPU
		{22096AEC-8DBE-46C1-BFCC-D7F12899F957}.Debug|Any CPU.Build.0 = Debug|Any CPU
		{22096AEC-8DBE-46C1-BFCC-D7F12899F957}.Local|Any CPU.ActiveCfg = Debug|Any CPU
		{22096AEC-8DBE-46C1-BFCC-D7F12899F957}.Local|Any CPU.Build.0 = Debug|Any CPU
		{22096AEC-8DBE-46C1-BFCC-D7F12899F957}.Release|Any CPU.ActiveCfg = Release|Any CPU
		{22096AEC-8DBE-46C1-BFCC-D7F12899F957}.Release|Any CPU.Build.0 = Release|Any CPU
		{294B9670-70B7-4B4B-8F51-58F615367D7E}.Debug|Any CPU.ActiveCfg = Debug|Any CPU
		{294B9670-70B7-4B4B-8F51-58F615367D7E}.Debug|Any CPU.Build.0 = Debug|Any CPU
		{294B9670-70B7-4B4B-8F51-58F615367D7E}.Local|Any CPU.ActiveCfg = Debug|Any CPU
		{294B9670-70B7-4B4B-8F51-58F615367D7E}.Local|Any CPU.Build.0 = Debug|Any CPU
		{294B9670-70B7-4B4B-8F51-58F615367D7E}.Release|Any CPU.ActiveCfg = Release|Any CPU
		{294B9670-70B7-4B4B-8F51-58F615367D7E}.Release|Any CPU.Build.0 = Release|Any CPU
		{B053AE8C-59E6-4888-B324-763887CD69E1}.Debug|Any CPU.ActiveCfg = Debug|Any CPU
		{B053AE8C-59E6-4888-B324-763887CD69E1}.Debug|Any CPU.Build.0 = Debug|Any CPU
		{B053AE8C-59E6-4888-B324-763887CD69E1}.Local|Any CPU.ActiveCfg = Debug|Any CPU
		{B053AE8C-59E6-4888-B324-763887CD69E1}.Local|Any CPU.Build.0 = Debug|Any CPU
		{B053AE8C-59E6-4888-B324-763887CD69E1}.Release|Any CPU.ActiveCfg = Release|Any CPU
		{B053AE8C-59E6-4888-B324-763887CD69E1}.Release|Any CPU.Build.0 = Release|Any CPU
		{937BF016-315C-4531-803F-944523F88628}.Debug|Any CPU.ActiveCfg = Debug|Any CPU
		{937BF016-315C-4531-803F-944523F88628}.Debug|Any CPU.Build.0 = Debug|Any CPU
		{937BF016-315C-4531-803F-944523F88628}.Local|Any CPU.ActiveCfg = Debug|Any CPU
		{937BF016-315C-4531-803F-944523F88628}.Local|Any CPU.Build.0 = Debug|Any CPU
		{937BF016-315C-4531-803F-944523F88628}.Release|Any CPU.ActiveCfg = Release|Any CPU
		{937BF016-315C-4531-803F-944523F88628}.Release|Any CPU.Build.0 = Release|Any CPU
	EndGlobalSection
	GlobalSection(SolutionProperties) = preSolution
		HideSolutionNode = FALSE
	EndGlobalSection
	GlobalSection(NestedProjects) = preSolution
		{B231AF90-D433-4573-BA67-263305536B1E} = {182DAC1C-C7C8-45BF-84CB-660D2464E0BC}
		{0CE3C41B-B4A2-4EC3-AD1B-12CE2500DBB6} = {7BDD682A-AA14-4FF2-9046-1D5568672800}
		{FBC12D97-0D32-4BA6-9AE4-896D06348EB7} = {7BDD682A-AA14-4FF2-9046-1D5568672800}
		{B7D79440-4226-469C-BF15-D7482E4348BC} = {8286EB1D-3DCD-4E61-B13B-E400CBB83BD1}
		{0845670D-4618-4B00-8E07-577131C05F30} = {182DAC1C-C7C8-45BF-84CB-660D2464E0BC}
		{EAED4552-DADC-47D6-A3CE-41B408C0E429} = {77B69103-0770-4D34-B5DC-55C895B98738}
		{B5AC9D94-C9F2-4E74-94C1-D5EE1C59306C} = {77B69103-0770-4D34-B5DC-55C895B98738}
		{3F0BF6E0-E72A-43FA-87B7-CDBC78BB81BD} = {77B69103-0770-4D34-B5DC-55C895B98738}
		{F2B98486-2162-4C5A-91A9-B41DEEDCA74C} = {77B69103-0770-4D34-B5DC-55C895B98738}
		{AE95587E-B386-477A-B3FD-89A093AA88BD} = {F2B98486-2162-4C5A-91A9-B41DEEDCA74C}
		{34557CE7-2C54-4B34-AC8C-FCED6A046BD8} = {F2B98486-2162-4C5A-91A9-B41DEEDCA74C}
		{8F232748-943C-4A20-B4E2-3AA64162BFAB} = {4CA229EE-313B-4246-B8AF-676662ED7374}
		{0429103F-7526-4A2B-84B6-A393E74C2FB7} = {33EB264B-96FF-4691-8D97-21605A47C22D}
		{DF0BEDBB-E9F8-43B6-A863-F49576613B76} = {F2B98486-2162-4C5A-91A9-B41DEEDCA74C}
		{42D1EDDC-2766-4F81-B161-97975174C5F1} = {182DAC1C-C7C8-45BF-84CB-660D2464E0BC}
		{00A7AAC0-87D8-4352-89F8-AECE8EDF294D} = {33EB264B-96FF-4691-8D97-21605A47C22D}
		{3861022B-3356-4762-9560-4FD13FFD5578} = {00A7AAC0-87D8-4352-89F8-AECE8EDF294D}
		{2A197C6C-13DD-42C6-B391-ECB39ABD42A6} = {00A7AAC0-87D8-4352-89F8-AECE8EDF294D}
		{29F4412C-B7EC-42DF-8B62-1171AB05D004} = {00A7AAC0-87D8-4352-89F8-AECE8EDF294D}
		{43C551C9-BD8E-49E5-B185-5E5E50F05355} = {00A7AAC0-87D8-4352-89F8-AECE8EDF294D}
		{020A0FA8-26B1-44B8-9058-549049FDEE16} = {00A7AAC0-87D8-4352-89F8-AECE8EDF294D}
		{68420E49-E2ED-4218-8616-AD48CE8C7F67} = {0429103F-7526-4A2B-84B6-A393E74C2FB7}
		{25E60BB6-B338-499C-98E6-A4CBBA2D72CD} = {0429103F-7526-4A2B-84B6-A393E74C2FB7}
		{8558F6C5-1535-415E-B4FE-C044AA29DFE8} = {8286EB1D-3DCD-4E61-B13B-E400CBB83BD1}
		{8286EB1D-3DCD-4E61-B13B-E400CBB83BD1} = {33EB264B-96FF-4691-8D97-21605A47C22D}
		{8ECAD503-71BB-4ED4-B044-2442A6D95E1E} = {0429103F-7526-4A2B-84B6-A393E74C2FB7}
		{7953FAFA-F2D4-4B8E-BD2D-872D2CC759EA} = {4CA229EE-313B-4246-B8AF-676662ED7374}
		{BD985BD5-A672-43D1-A4FD-BDDD9D587777} = {4CA229EE-313B-4246-B8AF-676662ED7374}
		{C50121AF-66B0-4382-AE2B-26D9898AD628} = {182DAC1C-C7C8-45BF-84CB-660D2464E0BC}
		{22096AEC-8DBE-46C1-BFCC-D7F12899F957} = {4CA229EE-313B-4246-B8AF-676662ED7374}
		{294B9670-70B7-4B4B-8F51-58F615367D7E} = {4CA229EE-313B-4246-B8AF-676662ED7374}
		{B053AE8C-59E6-4888-B324-763887CD69E1} = {182DAC1C-C7C8-45BF-84CB-660D2464E0BC}
		{937BF016-315C-4531-803F-944523F88628} = {182DAC1C-C7C8-45BF-84CB-660D2464E0BC}
	EndGlobalSection
	GlobalSection(ExtensibilityGlobals) = postSolution
		SolutionGuid = {C4B1009A-7EAE-4525-A9E8-7FE3104565E7}
	EndGlobalSection
EndGlobal
